
Microsoft Visual Studio Solution File, Format Version 12.00
# Visual Studio Version 16
VisualStudioVersion = 16.0.31321.278
MinimumVisualStudioVersion = 10.0.40219.1
Project("{9A19103F-16F7-4668-BE54-9A1E7A4F7556}") = "KVParser", "KVParser.csproj", "{7B862F26-B984-467A-9D75-33D6DFC84C09}"
EndProject
Project("{9A19103F-16F7-4668-BE54-9A1E7A4F7556}") = "kvptest", "..\kvptest\kvptest.csproj", "{E082B956-99F6-4F83-8145-374C41BF7DA6}"
EndProject
Global
	GlobalSection(SolutionConfigurationPlatforms) = preSolution
		Debug|Any CPU = Debug|Any CPU
		Release|Any CPU = Release|Any CPU
	EndGlobalSection
	GlobalSection(ProjectConfigurationPlatforms) = postSolution
		{7B862F26-B984-467A-9D75-33D6DFC84C09}.Debug|Any CPU.ActiveCfg = Debug|Any CPU
		{7B862F26-B984-467A-9D75-33D6DFC84C09}.Debug|Any CPU.Build.0 = Debug|Any CPU
		{7B862F26-B984-467A-9D75-33D6DFC84C09}.Release|Any CPU.ActiveCfg = Release|Any CPU
		{7B862F26-B984-467A-9D75-33D6DFC84C09}.Release|Any CPU.Build.0 = Release|Any CPU
		{E082B956-99F6-4F83-8145-374C41BF7DA6}.Debug|Any CPU.ActiveCfg = Debug|Any CPU
		{E082B956-99F6-4F83-8145-374C41BF7DA6}.Debug|Any CPU.Build.0 = Debug|Any CPU
		{E082B956-99F6-4F83-8145-374C41BF7DA6}.Release|Any CPU.ActiveCfg = Release|Any CPU
		{E082B956-99F6-4F83-8145-374C41BF7DA6}.Release|Any CPU.Build.0 = Release|Any CPU
	EndGlobalSection
	GlobalSection(SolutionProperties) = preSolution
		HideSolutionNode = FALSE
	EndGlobalSection
	GlobalSection(ExtensibilityGlobals) = postSolution
		SolutionGuid = {6751884F-557D-4A37-BFAA-681CFA8365F2}
	EndGlobalSection
EndGlobal
